{
  "name": "MySite",
  "lockfileVersion": 2,
  "requires": true,
  "packages": {
    "": {
      "dependencies": {
        "@dcloudio/types": "^3.2.11",
        "mini-types": "^0.1.7",
        "miniprogram-api-typings": "^3.9.0"
      }
    },
    "node_modules/@dcloudio/types": {
      "version": "3.2.11",
      "resolved": "https://repo.huaweicloud.com/repository/npm/@dcloudio/types/-/types-3.2.11.tgz",
      "integrity": "sha512-Ws+pUiQMvCcSjg0soF+vTTwwsdNlK/1cxIfo5LBBDFPoXfUAAh6k9HnCt5cudERNhY0M3wE7ATMx/1Cb9bmUig==",
      "license": "Apache-2.0"
    },
    "node_modules/mini-types": {
      "version": "0.1.7",
      "resolved": "https://repo.huaweicloud.com/repository/npm/mini-types/-/mini-types-0.1.7.tgz",
      "integrity": "sha512-aSoVvrIr/O9tbzFjSCeKr/T53Hu+un+FXkfWPfGcb/q8eAHXX1CDgSHv8l0GtFTlfHzznmn4hbRGB3UTWmZ3fA==",
      "license": "MIT"
    },
    "node_modules/miniprogram-api-typings": {
      "version": "3.9.0",
      "resolved": "https://repo.huaweicloud.com/repository/npm/miniprogram-api-typings/-/miniprogram-api-typings-3.9.0.tgz",
      "integrity": "sha512-QCXHHW9H4XYazb8J9EMiFyaOWHXhBG4oehkQqi+76FJpKKIlpgL0ZkXxzJ2L+6T/c5OxKm7iegovKIQGVkZDLQ==",
      "license": "MIT"
    }
  },
  "dependencies": {
    "@dcloudio/types": {
      "version": "3.2.11",
      "resolved": "https://repo.huaweicloud.com/repository/npm/@dcloudio/types/-/types-3.2.11.tgz",
      "integrity": "sha512-Ws+pUiQMvCcSjg0soF+vTTwwsdNlK/1cxIfo5LBBDFPoXfUAAh6k9HnCt5cudERNhY0M3wE7ATMx/1Cb9bmUig=="
    },
    "mini-types": {
      "version": "0.1.7",
      "resolved": "https://repo.huaweicloud.com/repository/npm/mini-types/-/mini-types-0.1.7.tgz",
      "integrity": "sha512-aSoVvrIr/O9tbzFjSCeKr/T53Hu+un+FXkfWPfGcb/q8eAHXX1CDgSHv8l0GtFTlfHzznmn4hbRGB3UTWmZ3fA=="
    },
    "miniprogram-api-typings": {
      "version": "3.9.0",
      "resolved": "https://repo.huaweicloud.com/repository/npm/miniprogram-api-typings/-/miniprogram-api-typings-3.9.0.tgz",
      "integrity": "sha512-QCXHHW9H4XYazb8J9EMiFyaOWHXhBG4oehkQqi+76FJpKKIlpgL0ZkXxzJ2L+6T/c5OxKm7iegovKIQGVkZDLQ=="
    }
  }
}
